
Microsoft Visual Studio Solution File, Format Version 12.00
# Visual Studio Version 17
VisualStudioVersion = 17.4.33205.214
MinimumVisualStudioVersion = 10.0.40219.1
Project("{FAE04EC0-301F-11D3-BF4B-00C04F79EFBC}") = "CalculatorNew", "CalculatorNew\CalculatorNew.csproj", "{8FEDC2DA-C43B-4BC5-92F6-71C7E59F9784}"
EndProject
Project("{FAE04EC0-301F-11D3-BF4B-00C04F79EFBC}") = "CalculatorUnitTests", "CalculatorUnitTests\CalculatorUnitTests.csproj", "{B70D6556-C19A-4751-A683-64D914085136}"
EndProject
Project("{FAE04EC0-301F-11D3-BF4B-00C04F79EFBC}") = "SeleniumTestsWithoutPOM", "SeleniumTestsWithoutPOM\SeleniumTestsWithoutPOM.csproj", "{5C8C433F-6C68-448B-A785-CE5B13577A4A}"
EndProject
Global
	GlobalSection(SolutionConfigurationPlatforms) = preSolution
		Debug|Any CPU = Debug|Any CPU
		Release|Any CPU = Release|Any CPU
	EndGlobalSection
	GlobalSection(ProjectConfigurationPlatforms) = postSolution
		{8FEDC2DA-C43B-4BC5-92F6-71C7E59F9784}.Debug|Any CPU.ActiveCfg = Debug|Any CPU
		{8FEDC2DA-C43B-4BC5-92F6-71C7E59F9784}.Debug|Any CPU.Build.0 = Debug|Any CPU
		{8FEDC2DA-C43B-4BC5-92F6-71C7E59F9784}.Release|Any CPU.ActiveCfg = Release|Any CPU
		{8FEDC2DA-C43B-4BC5-92F6-71C7E59F9784}.Release|Any CPU.Build.0 = Release|Any CPU
		{B70D6556-C19A-4751-A683-64D914085136}.Debug|Any CPU.ActiveCfg = Debug|Any CPU
		{B70D6556-C19A-4751-A683-64D914085136}.Debug|Any CPU.Build.0 = Debug|Any CPU
		{B70D6556-C19A-4751-A683-64D914085136}.Release|Any CPU.ActiveCfg = Release|Any CPU
		{B70D6556-C19A-4751-A683-64D914085136}.Release|Any CPU.Build.0 = Release|Any CPU
		{5C8C433F-6C68-448B-A785-CE5B13577A4A}.Debug|Any CPU.ActiveCfg = Debug|Any CPU
		{5C8C433F-6C68-448B-A785-CE5B13577A4A}.Debug|Any CPU.Build.0 = Debug|Any CPU
		{5C8C433F-6C68-448B-A785-CE5B13577A4A}.Release|Any CPU.ActiveCfg = Release|Any CPU
		{5C8C433F-6C68-448B-A785-CE5B13577A4A}.Release|Any CPU.Build.0 = Release|Any CPU
	EndGlobalSection
	GlobalSection(SolutionProperties) = preSolution
		HideSolutionNode = FALSE
	EndGlobalSection
	GlobalSection(ExtensibilityGlobals) = postSolution
		SolutionGuid = {3B68F877-FD51-48C0-9E13-1C1ACB4E4BCD}
	EndGlobalSection
EndGlobal
